
Microsoft Visual Studio Solution File, Format Version 12.00
# Visual Studio Version 16
VisualStudioVersion = 16.0.29306.81
MinimumVisualStudioVersion = 10.0.40219.1
Project("{FAE04EC0-301F-11D3-BF4B-00C04F79EFBC}") = "NewsSpotify", "NewsSpotify\NewsSpotify.csproj", "{5EEF4375-39AB-406E-A957-BBCB6210B76A}"
EndProject
Global
	GlobalSection(SolutionConfigurationPlatforms) = preSolution
		Debug|Any CPU = Debug|Any CPU
		Release|Any CPU = Release|Any CPU
	EndGlobalSection
	GlobalSection(ProjectConfigurationPlatforms) = postSolution
		{5EEF4375-39AB-406E-A957-BBCB6210B76A}.Debug|Any CPU.ActiveCfg = Debug|Any CPU
		{5EEF4375-39AB-406E-A957-BBCB6210B76A}.Debug|Any CPU.Build.0 = Debug|Any CPU
		{5EEF4375-39AB-406E-A957-BBCB6210B76A}.Release|Any CPU.ActiveCfg = Release|Any CPU
		{5EEF4375-39AB-406E-A957-BBCB6210B76A}.Release|Any CPU.Build.0 = Release|Any CPU
	EndGlobalSection
	GlobalSection(SolutionProperties) = preSolution
		HideSolutionNode = FALSE
	EndGlobalSection
	GlobalSection(ExtensibilityGlobals) = postSolution
		SolutionGuid = {B9A8B9D0-CC22-40AF-91FD-C4FA8FBECF47}
	EndGlobalSection
EndGlobal
